
Microsoft Visual Studio Solution File, Format Version 12.00
# Visual Studio Version 17
VisualStudioVersion = 17.3.32825.248
MinimumVisualStudioVersion = 10.0.40219.1
Project("{FAE04EC0-301F-11D3-BF4B-00C04F79EFBC}") = "SF2022User{NN}Lib", "SF2022User{NN}Lib\SF2022User{NN}Lib.csproj", "{1893CC87-C240-4C77-A6A9-E30310C912CA}"
EndProject
Project("{FAE04EC0-301F-11D3-BF4B-00C04F79EFBC}") = "UnitTests", "UnitTests\UnitTests.csproj", "{24A5D534-EB25-46DC-9831-5BA30CF04B00}"
EndProject
Global
	GlobalSection(SolutionConfigurationPlatforms) = preSolution
		Debug|Any CPU = Debug|Any CPU
		Release|Any CPU = Release|Any CPU
	EndGlobalSection
	GlobalSection(ProjectConfigurationPlatforms) = postSolution
		{1893CC87-C240-4C77-A6A9-E30310C912CA}.Debug|Any CPU.ActiveCfg = Debug|Any CPU
		{1893CC87-C240-4C77-A6A9-E30310C912CA}.Debug|Any CPU.Build.0 = Debug|Any CPU
		{1893CC87-C240-4C77-A6A9-E30310C912CA}.Release|Any CPU.ActiveCfg = Release|Any CPU
		{1893CC87-C240-4C77-A6A9-E30310C912CA}.Release|Any CPU.Build.0 = Release|Any CPU
		{24A5D534-EB25-46DC-9831-5BA30CF04B00}.Debug|Any CPU.ActiveCfg = Debug|Any CPU
		{24A5D534-EB25-46DC-9831-5BA30CF04B00}.Debug|Any CPU.Build.0 = Debug|Any CPU
		{24A5D534-EB25-46DC-9831-5BA30CF04B00}.Release|Any CPU.ActiveCfg = Release|Any CPU
		{24A5D534-EB25-46DC-9831-5BA30CF04B00}.Release|Any CPU.Build.0 = Release|Any CPU
	EndGlobalSection
	GlobalSection(SolutionProperties) = preSolution
		HideSolutionNode = FALSE
	EndGlobalSection
	GlobalSection(ExtensibilityGlobals) = postSolution
		SolutionGuid = {3764B4F9-424B-4D91-993E-424FA34DF314}
	EndGlobalSection
EndGlobal
